
Microsoft Visual Studio Solution File, Format Version 12.00
# Visual Studio Version 17
VisualStudioVersion = 17.0.31903.59
MinimumVisualStudioVersion = 10.0.40219.1
Project("{FAE04EC0-301F-11D3-BF4B-00C04F79EFBC}") = "API", "API\API.csproj", "{B247C086-9965-4DD4-B02F-EC306BB79E07}"
EndProject
Project("{FAE04EC0-301F-11D3-BF4B-00C04F79EFBC}") = "Core", "Core\Core.csproj", "{8E87EF36-430C-4436-9222-7CF973295DC9}"
EndProject
Project("{FAE04EC0-301F-11D3-BF4B-00C04F79EFBC}") = "Infrastructure", "Infrastructure\Infrastructure.csproj", "{11428A00-E9AC-46D8-91FD-B5DE82672E5E}"
EndProject
Global
	GlobalSection(SolutionConfigurationPlatforms) = preSolution
		Debug|Any CPU = Debug|Any CPU
		Release|Any CPU = Release|Any CPU
	EndGlobalSection
	GlobalSection(SolutionProperties) = preSolution
		HideSolutionNode = FALSE
	EndGlobalSection
	GlobalSection(ProjectConfigurationPlatforms) = postSolution
		{B247C086-9965-4DD4-B02F-EC306BB79E07}.Debug|Any CPU.ActiveCfg = Debug|Any CPU
		{B247C086-9965-4DD4-B02F-EC306BB79E07}.Debug|Any CPU.Build.0 = Debug|Any CPU
		{B247C086-9965-4DD4-B02F-EC306BB79E07}.Release|Any CPU.ActiveCfg = Release|Any CPU
		{B247C086-9965-4DD4-B02F-EC306BB79E07}.Release|Any CPU.Build.0 = Release|Any CPU
		{8E87EF36-430C-4436-9222-7CF973295DC9}.Debug|Any CPU.ActiveCfg = Debug|Any CPU
		{8E87EF36-430C-4436-9222-7CF973295DC9}.Debug|Any CPU.Build.0 = Debug|Any CPU
		{8E87EF36-430C-4436-9222-7CF973295DC9}.Release|Any CPU.ActiveCfg = Release|Any CPU
		{8E87EF36-430C-4436-9222-7CF973295DC9}.Release|Any CPU.Build.0 = Release|Any CPU
		{11428A00-E9AC-46D8-91FD-B5DE82672E5E}.Debug|Any CPU.ActiveCfg = Debug|Any CPU
		{11428A00-E9AC-46D8-91FD-B5DE82672E5E}.Debug|Any CPU.Build.0 = Debug|Any CPU
		{11428A00-E9AC-46D8-91FD-B5DE82672E5E}.Release|Any CPU.ActiveCfg = Release|Any CPU
		{11428A00-E9AC-46D8-91FD-B5DE82672E5E}.Release|Any CPU.Build.0 = Release|Any CPU
	EndGlobalSection
EndGlobal
